
Microsoft Visual Studio Solution File, Format Version 12.00
# Visual Studio Version 17
VisualStudioVersion = 17.4.33110.190
MinimumVisualStudioVersion = 10.0.40219.1
Project("{FAE04EC0-301F-11D3-BF4B-00C04F79EFBC}") = "3dGraphics", "3dGraphics.csproj", "{95207777-FE42-411F-8A32-8FF5E4618938}"
EndProject
Global
	GlobalSection(SolutionConfigurationPlatforms) = preSolution
		Debug|Any CPU = Debug|Any CPU
		Release|Any CPU = Release|Any CPU
	EndGlobalSection
	GlobalSection(ProjectConfigurationPlatforms) = postSolution
		{95207777-FE42-411F-8A32-8FF5E4618938}.Debug|Any CPU.ActiveCfg = Debug|Any CPU
		{95207777-FE42-411F-8A32-8FF5E4618938}.Debug|Any CPU.Build.0 = Debug|Any CPU
		{95207777-FE42-411F-8A32-8FF5E4618938}.Release|Any CPU.ActiveCfg = Release|Any CPU
		{95207777-FE42-411F-8A32-8FF5E4618938}.Release|Any CPU.Build.0 = Release|Any CPU
	EndGlobalSection
	GlobalSection(SolutionProperties) = preSolution
		HideSolutionNode = FALSE
	EndGlobalSection
	GlobalSection(ExtensibilityGlobals) = postSolution
		SolutionGuid = {256552A7-E7D3-4261-BA1B-3C6044128DFD}
	EndGlobalSection
EndGlobal
